
Microsoft Visual Studio Solution File, Format Version 12.00
# Visual Studio 2013
VisualStudioVersion = 12.0.21005.1
MinimumVisualStudioVersion = 10.0.40219.1
Project("{FAE04EC0-301F-11D3-BF4B-00C04F79EFBC}") = "MathParser", "MathParser\MathParser.csproj", "{A41696DB-7726-4180-B9BC-507BDA4EA17A}"
EndProject
Project("{FAE04EC0-301F-11D3-BF4B-00C04F79EFBC}") = "MathParserLib", "MathParserLib\MathParserLib.csproj", "{69B7F20F-0CE7-4293-ADCD-D9DC86878843}"
EndProject
Global
	GlobalSection(SolutionConfigurationPlatforms) = preSolution
		Debug|Any CPU = Debug|Any CPU
		Debug|x86 = Debug|x86
		Release|Any CPU = Release|Any CPU
		Release|x86 = Release|x86
	EndGlobalSection
	GlobalSection(ProjectConfigurationPlatforms) = postSolution
		{A41696DB-7726-4180-B9BC-507BDA4EA17A}.Debug|Any CPU.ActiveCfg = Debug|Any CPU
		{A41696DB-7726-4180-B9BC-507BDA4EA17A}.Debug|Any CPU.Build.0 = Debug|Any CPU
		{A41696DB-7726-4180-B9BC-507BDA4EA17A}.Debug|x86.ActiveCfg = Debug|x86
		{A41696DB-7726-4180-B9BC-507BDA4EA17A}.Debug|x86.Build.0 = Debug|x86
		{A41696DB-7726-4180-B9BC-507BDA4EA17A}.Release|Any CPU.ActiveCfg = Release|Any CPU
		{A41696DB-7726-4180-B9BC-507BDA4EA17A}.Release|Any CPU.Build.0 = Release|Any CPU
		{A41696DB-7726-4180-B9BC-507BDA4EA17A}.Release|x86.ActiveCfg = Release|x86
		{A41696DB-7726-4180-B9BC-507BDA4EA17A}.Release|x86.Build.0 = Release|x86
		{69B7F20F-0CE7-4293-ADCD-D9DC86878843}.Debug|Any CPU.ActiveCfg = Debug|Any CPU
		{69B7F20F-0CE7-4293-ADCD-D9DC86878843}.Debug|Any CPU.Build.0 = Debug|Any CPU
		{69B7F20F-0CE7-4293-ADCD-D9DC86878843}.Debug|x86.ActiveCfg = Debug|x86
		{69B7F20F-0CE7-4293-ADCD-D9DC86878843}.Debug|x86.Build.0 = Debug|x86
		{69B7F20F-0CE7-4293-ADCD-D9DC86878843}.Release|Any CPU.ActiveCfg = Release|Any CPU
		{69B7F20F-0CE7-4293-ADCD-D9DC86878843}.Release|Any CPU.Build.0 = Release|Any CPU
		{69B7F20F-0CE7-4293-ADCD-D9DC86878843}.Release|x86.ActiveCfg = Release|x86
		{69B7F20F-0CE7-4293-ADCD-D9DC86878843}.Release|x86.Build.0 = Release|x86
	EndGlobalSection
	GlobalSection(SolutionProperties) = preSolution
		HideSolutionNode = FALSE
	EndGlobalSection
EndGlobal
